
Microsoft Visual Studio Solution File, Format Version 12.00
# Visual Studio Version 16
VisualStudioVersion = 16.0.31129.286
MinimumVisualStudioVersion = 10.0.40219.1
Project("{FAE04EC0-301F-11D3-BF4B-00C04F79EFBC}") = "Inventario", "Inventario\Inventario.csproj", "{C775365B-20EB-4321-BAE6-C274822472A1}"
EndProject
Global
	GlobalSection(SolutionConfigurationPlatforms) = preSolution
		Debug|Any CPU = Debug|Any CPU
		Release|Any CPU = Release|Any CPU
	EndGlobalSection
	GlobalSection(ProjectConfigurationPlatforms) = postSolution
		{C775365B-20EB-4321-BAE6-C274822472A1}.Debug|Any CPU.ActiveCfg = Debug|Any CPU
		{C775365B-20EB-4321-BAE6-C274822472A1}.Debug|Any CPU.Build.0 = Debug|Any CPU
		{C775365B-20EB-4321-BAE6-C274822472A1}.Release|Any CPU.ActiveCfg = Release|Any CPU
		{C775365B-20EB-4321-BAE6-C274822472A1}.Release|Any CPU.Build.0 = Release|Any CPU
	EndGlobalSection
	GlobalSection(SolutionProperties) = preSolution
		HideSolutionNode = FALSE
	EndGlobalSection
	GlobalSection(ExtensibilityGlobals) = postSolution
		SolutionGuid = {E88943B5-77A0-451E-841B-B0C96A8BCF5A}
	EndGlobalSection
EndGlobal
